
Microsoft Visual Studio Solution File, Format Version 12.00
# Visual Studio Version 17
VisualStudioVersion = 17.10.35027.167
MinimumVisualStudioVersion = 10.0.40219.1
Project("{FAE04EC0-301F-11D3-BF4B-00C04F79EFBC}") = "eAppointmentServer.Domain", "eAppointmentServer.Domain\eAppointmentServer.Domain.csproj", "{51A2ACE4-82A0-4D10-A075-B78685F84FE3}"
EndProject
Project("{FAE04EC0-301F-11D3-BF4B-00C04F79EFBC}") = "eAppointmentServer.Application", "eAppointmentServer.Application\eAppointmentServer.Application.csproj", "{FE94DC3A-7E62-4475-91C2-C4E6DA568706}"
EndProject
Project("{FAE04EC0-301F-11D3-BF4B-00C04F79EFBC}") = "eAppointmentServer.Infrastructure", "eAppointmentServer.Infrastructure\eAppointmentServer.Infrastructure.csproj", "{D756AB26-E317-488E-A370-85825466F614}"
EndProject
Global
	GlobalSection(SolutionConfigurationPlatforms) = preSolution
		Debug|Any CPU = Debug|Any CPU
		Release|Any CPU = Release|Any CPU
	EndGlobalSection
	GlobalSection(ProjectConfigurationPlatforms) = postSolution
		{51A2ACE4-82A0-4D10-A075-B78685F84FE3}.Debug|Any CPU.ActiveCfg = Debug|Any CPU
		{51A2ACE4-82A0-4D10-A075-B78685F84FE3}.Debug|Any CPU.Build.0 = Debug|Any CPU
		{51A2ACE4-82A0-4D10-A075-B78685F84FE3}.Release|Any CPU.ActiveCfg = Release|Any CPU
		{51A2ACE4-82A0-4D10-A075-B78685F84FE3}.Release|Any CPU.Build.0 = Release|Any CPU
		{FE94DC3A-7E62-4475-91C2-C4E6DA568706}.Debug|Any CPU.ActiveCfg = Debug|Any CPU
		{FE94DC3A-7E62-4475-91C2-C4E6DA568706}.Debug|Any CPU.Build.0 = Debug|Any CPU
		{FE94DC3A-7E62-4475-91C2-C4E6DA568706}.Release|Any CPU.ActiveCfg = Release|Any CPU
		{FE94DC3A-7E62-4475-91C2-C4E6DA568706}.Release|Any CPU.Build.0 = Release|Any CPU
		{D756AB26-E317-488E-A370-85825466F614}.Debug|Any CPU.ActiveCfg = Debug|Any CPU
		{D756AB26-E317-488E-A370-85825466F614}.Debug|Any CPU.Build.0 = Debug|Any CPU
		{D756AB26-E317-488E-A370-85825466F614}.Release|Any CPU.ActiveCfg = Release|Any CPU
		{D756AB26-E317-488E-A370-85825466F614}.Release|Any CPU.Build.0 = Release|Any CPU
	EndGlobalSection
	GlobalSection(SolutionProperties) = preSolution
		HideSolutionNode = FALSE
	EndGlobalSection
	GlobalSection(ExtensibilityGlobals) = postSolution
		SolutionGuid = {476135E7-1CF4-4EB3-866D-14D624006654}
	EndGlobalSection
EndGlobal
